
Microsoft Visual Studio Solution File, Format Version 12.00
# Visual Studio Version 16
VisualStudioVersion = 16.0.29806.167
MinimumVisualStudioVersion = 10.0.40219.1
Project("{8BC9CEB8-8B4A-11D0-8D11-00A0C91BC942}") = "200313 C", "200313 C\200313 C.vcxproj", "{F30F5D1C-C00B-4A6C-91BA-CB725FCE71C5}"
EndProject
Global
	GlobalSection(SolutionConfigurationPlatforms) = preSolution
		Debug|x64 = Debug|x64
		Debug|x86 = Debug|x86
		Release|x64 = Release|x64
		Release|x86 = Release|x86
	EndGlobalSection
	GlobalSection(ProjectConfigurationPlatforms) = postSolution
		{F30F5D1C-C00B-4A6C-91BA-CB725FCE71C5}.Debug|x64.ActiveCfg = Debug|x64
		{F30F5D1C-C00B-4A6C-91BA-CB725FCE71C5}.Debug|x64.Build.0 = Debug|x64
		{F30F5D1C-C00B-4A6C-91BA-CB725FCE71C5}.Debug|x86.ActiveCfg = Debug|Win32
		{F30F5D1C-C00B-4A6C-91BA-CB725FCE71C5}.Debug|x86.Build.0 = Debug|Win32
		{F30F5D1C-C00B-4A6C-91BA-CB725FCE71C5}.Release|x64.ActiveCfg = Release|x64
		{F30F5D1C-C00B-4A6C-91BA-CB725FCE71C5}.Release|x64.Build.0 = Release|x64
		{F30F5D1C-C00B-4A6C-91BA-CB725FCE71C5}.Release|x86.ActiveCfg = Release|Win32
		{F30F5D1C-C00B-4A6C-91BA-CB725FCE71C5}.Release|x86.Build.0 = Release|Win32
	EndGlobalSection
	GlobalSection(SolutionProperties) = preSolution
		HideSolutionNode = FALSE
	EndGlobalSection
	GlobalSection(ExtensibilityGlobals) = postSolution
		SolutionGuid = {AA44DA2F-3761-4CCE-98CE-31F0CDFE2883}
	EndGlobalSection
EndGlobal
